{
  "name": "claude-scaffold-go",
  "lockfileVersion": 3,
  "requires": true,
  "packages": {
    "": {
      "name": "claude-scaffold-go",
      "devDependencies": {
        "@team/claude-skills": "file:packages/claude-skills"
      }
    },
    "node_modules/@team/claude-skills": {
      "resolved": "packages/claude-skills",
      "link": true
    },
    "packages/claude-skills": {
      "name": "@team/claude-skills",
      "version": "1.0.0",
      "dev": true,
      "license": "MIT",
      "bin": {
        "claude-skills": "bin/install.js"
      }
    }
  }
}
